
Microsoft Visual Studio Solution File, Format Version 12.00
# Visual Studio Version 16
VisualStudioVersion = 16.0.31205.134
MinimumVisualStudioVersion = 10.0.40219.1
Project("{9A19103F-16F7-4668-BE54-9A1E7A4F7556}") = "FactoryMethod", "Patrones\FactoryMethod.csproj", "{5DA47424-1B12-4F19-929A-F67DF6AF493B}"
EndProject
Project("{FAE04EC0-301F-11D3-BF4B-00C04F79EFBC}") = "FactoryMethod2", "FactoryMethod2\FactoryMethod2.csproj", "{2C495409-44D6-4058-9BB1-F3E83EC9E193}"
EndProject
Global
	GlobalSection(SolutionConfigurationPlatforms) = preSolution
		Debug|Any CPU = Debug|Any CPU
		Release|Any CPU = Release|Any CPU
	EndGlobalSection
	GlobalSection(ProjectConfigurationPlatforms) = postSolution
		{5DA47424-1B12-4F19-929A-F67DF6AF493B}.Debug|Any CPU.ActiveCfg = Debug|Any CPU
		{5DA47424-1B12-4F19-929A-F67DF6AF493B}.Debug|Any CPU.Build.0 = Debug|Any CPU
		{5DA47424-1B12-4F19-929A-F67DF6AF493B}.Release|Any CPU.ActiveCfg = Release|Any CPU
		{5DA47424-1B12-4F19-929A-F67DF6AF493B}.Release|Any CPU.Build.0 = Release|Any CPU
		{2C495409-44D6-4058-9BB1-F3E83EC9E193}.Debug|Any CPU.ActiveCfg = Debug|Any CPU
		{2C495409-44D6-4058-9BB1-F3E83EC9E193}.Debug|Any CPU.Build.0 = Debug|Any CPU
		{2C495409-44D6-4058-9BB1-F3E83EC9E193}.Release|Any CPU.ActiveCfg = Release|Any CPU
		{2C495409-44D6-4058-9BB1-F3E83EC9E193}.Release|Any CPU.Build.0 = Release|Any CPU
	EndGlobalSection
	GlobalSection(SolutionProperties) = preSolution
		HideSolutionNode = FALSE
	EndGlobalSection
	GlobalSection(ExtensibilityGlobals) = postSolution
		SolutionGuid = {61CFF99A-A59D-4104-B790-C70685D631AF}
	EndGlobalSection
EndGlobal
